
Microsoft Visual Studio Solution File, Format Version 12.00
# Visual Studio Version 16
VisualStudioVersion = 16.0.30002.166
MinimumVisualStudioVersion = 10.0.40219.1
Project("{9A19103F-16F7-4668-BE54-9A1E7A4F7556}") = "UnitTests", "UnitTests\UnitTests.csproj", "{8F6836A2-3FC3-439B-A420-A2462D7163B1}"
EndProject
Project("{FAE04EC0-301F-11D3-BF4B-00C04F79EFBC}") = "FactoryMethod", "FactoryMethod\FactoryMethod.csproj", "{6980EB17-2EEB-40FB-95BB-211C4DAB1A42}"
EndProject
Global
	GlobalSection(SolutionConfigurationPlatforms) = preSolution
		Debug|Any CPU = Debug|Any CPU
		Release|Any CPU = Release|Any CPU
	EndGlobalSection
	GlobalSection(ProjectConfigurationPlatforms) = postSolution
		{8F6836A2-3FC3-439B-A420-A2462D7163B1}.Debug|Any CPU.ActiveCfg = Debug|Any CPU
		{8F6836A2-3FC3-439B-A420-A2462D7163B1}.Debug|Any CPU.Build.0 = Debug|Any CPU
		{8F6836A2-3FC3-439B-A420-A2462D7163B1}.Release|Any CPU.ActiveCfg = Release|Any CPU
		{8F6836A2-3FC3-439B-A420-A2462D7163B1}.Release|Any CPU.Build.0 = Release|Any CPU
		{6980EB17-2EEB-40FB-95BB-211C4DAB1A42}.Debug|Any CPU.ActiveCfg = Debug|Any CPU
		{6980EB17-2EEB-40FB-95BB-211C4DAB1A42}.Debug|Any CPU.Build.0 = Debug|Any CPU
		{6980EB17-2EEB-40FB-95BB-211C4DAB1A42}.Release|Any CPU.ActiveCfg = Release|Any CPU
		{6980EB17-2EEB-40FB-95BB-211C4DAB1A42}.Release|Any CPU.Build.0 = Release|Any CPU
	EndGlobalSection
	GlobalSection(SolutionProperties) = preSolution
		HideSolutionNode = FALSE
	EndGlobalSection
	GlobalSection(ExtensibilityGlobals) = postSolution
		SolutionGuid = {011C51D4-4070-4E61-85E1-EF85B9AAFFCE}
	EndGlobalSection
EndGlobal
