
Microsoft Visual Studio Solution File, Format Version 12.00
# Visual Studio Version 16
VisualStudioVersion = 16.0.30002.166
MinimumVisualStudioVersion = 10.0.40219.1
Project("{2150E333-8FDC-42A3-9474-1A3956D46DE8}") = "Creational", "Creational", "{F4614634-7FED-4243-9CCA-94F20060E4EB}"
EndProject
Project("{2150E333-8FDC-42A3-9474-1A3956D46DE8}") = "Unittest", "Unittest", "{0849A5F5-7742-49A1-860F-89ED1799407B}"
EndProject
Project("{2150E333-8FDC-42A3-9474-1A3956D46DE8}") = "Structural", "Structural", "{F09439FD-5B88-40B4-B9D4-7652E4CDFDF1}"
EndProject
Project("{2150E333-8FDC-42A3-9474-1A3956D46DE8}") = "Unittest", "Unittest", "{E30A933A-54FB-4170-BFF0-5D78A67F9236}"
EndProject
Project("{9A19103F-16F7-4668-BE54-9A1E7A4F7556}") = "CreationalUnittests", "CreationalDesignPattern\UnitTests\CreationalUnittests.csproj", "{E78EAABA-27A2-403E-B0B7-EB78775D84AC}"
EndProject
Project("{9A19103F-16F7-4668-BE54-9A1E7A4F7556}") = "Builder", "CreationalDesignPattern\Builder\Builder.csproj", "{85C71265-288B-4DE9-9665-47CF494B025E}"
EndProject
Project("{9A19103F-16F7-4668-BE54-9A1E7A4F7556}") = "FactoryDesign", "CreationalDesignPattern\FactoryDesign\FactoryDesign.csproj", "{8CC1EA05-38E1-45A1-8388-80EEC5399698}"
EndProject
Project("{9A19103F-16F7-4668-BE54-9A1E7A4F7556}") = "FactoryMethod", "CreationalDesignPattern\FactoryMethod\FactoryMethod.csproj", "{7BD78033-CED7-4E8A-8FEA-350350C7CA40}"
EndProject
Project("{9A19103F-16F7-4668-BE54-9A1E7A4F7556}") = "FluentInterface", "CreationalDesignPattern\FluentInterface\FluentInterface.csproj", "{9EAF6A9A-B41A-4ADA-8D60-15A2B1032DC2}"
EndProject
Project("{9A19103F-16F7-4668-BE54-9A1E7A4F7556}") = "Prototype", "CreationalDesignPattern\Prototype\Prototype.csproj", "{011E01E6-0819-45F7-8DAC-FC023CC1E537}"
EndProject
Project("{9A19103F-16F7-4668-BE54-9A1E7A4F7556}") = "Singleton", "CreationalDesignPattern\Singleton\Singleton.csproj", "{484B3112-2C29-4BA8-8D6D-E23535D6AB0D}"
EndProject
Project("{9A19103F-16F7-4668-BE54-9A1E7A4F7556}") = "StructuralUnittests", "StructuralDesignPattern\StructuralUnittests\StructuralUnittests.csproj", "{79AD7330-0BC2-446C-867F-4AAB9D6E0CE2}"
EndProject
Project("{9A19103F-16F7-4668-BE54-9A1E7A4F7556}") = "Adapter", "StructuralDesignPattern\Adapter\Adapter.csproj", "{25BCC336-3E72-43AA-84D9-5EA3629AEB8E}"
EndProject
Project("{9A19103F-16F7-4668-BE54-9A1E7A4F7556}") = "AbstractFactory", "CreationalDesignPattern\AbstractFactory\AbstractFactory.csproj", "{221C5334-FCE7-44DE-AF84-F7F77329FF29}"
EndProject
Project("{9A19103F-16F7-4668-BE54-9A1E7A4F7556}") = "Bridge", "StructuralDesignPattern\Bridge\Bridge.csproj", "{6826DB98-405B-429E-9F3A-92DB26AAC21C}"
EndProject
Project("{9A19103F-16F7-4668-BE54-9A1E7A4F7556}") = "Composite", "StructuralDesignPattern\Composite\Composite.csproj", "{E0FDB1F1-3141-47E0-8BDA-D5336EEED6B0}"
EndProject
Project("{9A19103F-16F7-4668-BE54-9A1E7A4F7556}") = "Decorator", "StructuralDesignPattern\Decorator\Decorator.csproj", "{35132399-183E-4C32-8670-25283070336C}"
EndProject
Project("{9A19103F-16F7-4668-BE54-9A1E7A4F7556}") = "Facade", "StructuralDesignPattern\Facade\Facade.csproj", "{F4D30CE2-4960-497D-AD8D-2A02EBB2A053}"
EndProject
Project("{9A19103F-16F7-4668-BE54-9A1E7A4F7556}") = "Flyweight", "StructuralDesignPattern\Flyweight\Flyweight.csproj", "{790EB892-20FC-4474-B496-2CBBE0FB937E}"
EndProject
Project("{9A19103F-16F7-4668-BE54-9A1E7A4F7556}") = "Proxy", "StructuralDesignPattern\Proxy\Proxy.csproj", "{7744E111-250A-4768-B5DC-016918953787}"
EndProject
Project("{2150E333-8FDC-42A3-9474-1A3956D46DE8}") = "Behavioral", "Behavioral", "{717C3984-20F0-48B4-A0B9-148DFB8FEB22}"
EndProject
Project("{2150E333-8FDC-42A3-9474-1A3956D46DE8}") = "Unittest", "Unittest", "{DFF1EFD1-27C5-4DE8-B8E6-C5BA08354BDC}"
EndProject
Project("{9A19103F-16F7-4668-BE54-9A1E7A4F7556}") = "BehavioralUnittests", "BehavioralUnittests\BehavioralUnittests.csproj", "{0BE606B6-2702-4E79-A23B-174C5D49F3AE}"
EndProject
Project("{9A19103F-16F7-4668-BE54-9A1E7A4F7556}") = "Iterator", "Iterator\Iterator.csproj", "{2F47D7AB-0B9A-4C6F-90B4-D1DAAC240BC4}"
EndProject
Project("{9A19103F-16F7-4668-BE54-9A1E7A4F7556}") = "Observer", "Observer\Observer.csproj", "{2BF7980B-3881-42DF-9D16-888DA100B98F}"
EndProject
Project("{9A19103F-16F7-4668-BE54-9A1E7A4F7556}") = "ChainOfResponsibility", "ChainOfResponsibility\ChainOfResponsibility.csproj", "{6805361B-2973-4C01-B77A-4323EB3BB5F8}"
EndProject
Project("{9A19103F-16F7-4668-BE54-9A1E7A4F7556}") = "State", "State\State.csproj", "{247042FF-B8A2-4F12-B298-DA1D4C90511C}"
EndProject
Project("{FAE04EC0-301F-11D3-BF4B-00C04F79EFBC}") = "TemplateMethod", "TemplateMethod\TemplateMethod.csproj", "{B181D176-4AC9-4190-8BF6-750A147DF66D}"
EndProject
Global
	GlobalSection(SolutionConfigurationPlatforms) = preSolution
		Debug|Any CPU = Debug|Any CPU
		Release|Any CPU = Release|Any CPU
	EndGlobalSection
	GlobalSection(ProjectConfigurationPlatforms) = postSolution
		{E78EAABA-27A2-403E-B0B7-EB78775D84AC}.Debug|Any CPU.ActiveCfg = Debug|Any CPU
		{E78EAABA-27A2-403E-B0B7-EB78775D84AC}.Debug|Any CPU.Build.0 = Debug|Any CPU
		{E78EAABA-27A2-403E-B0B7-EB78775D84AC}.Release|Any CPU.ActiveCfg = Release|Any CPU
		{E78EAABA-27A2-403E-B0B7-EB78775D84AC}.Release|Any CPU.Build.0 = Release|Any CPU
		{85C71265-288B-4DE9-9665-47CF494B025E}.Debug|Any CPU.ActiveCfg = Debug|Any CPU
		{85C71265-288B-4DE9-9665-47CF494B025E}.Debug|Any CPU.Build.0 = Debug|Any CPU
		{85C71265-288B-4DE9-9665-47CF494B025E}.Release|Any CPU.ActiveCfg = Release|Any CPU
		{85C71265-288B-4DE9-9665-47CF494B025E}.Release|Any CPU.Build.0 = Release|Any CPU
		{8CC1EA05-38E1-45A1-8388-80EEC5399698}.Debug|Any CPU.ActiveCfg = Debug|Any CPU
		{8CC1EA05-38E1-45A1-8388-80EEC5399698}.Debug|Any CPU.Build.0 = Debug|Any CPU
		{8CC1EA05-38E1-45A1-8388-80EEC5399698}.Release|Any CPU.ActiveCfg = Release|Any CPU
		{8CC1EA05-38E1-45A1-8388-80EEC5399698}.Release|Any CPU.Build.0 = Release|Any CPU
		{7BD78033-CED7-4E8A-8FEA-350350C7CA40}.Debug|Any CPU.ActiveCfg = Debug|Any CPU
		{7BD78033-CED7-4E8A-8FEA-350350C7CA40}.Debug|Any CPU.Build.0 = Debug|Any CPU
		{7BD78033-CED7-4E8A-8FEA-350350C7CA40}.Release|Any CPU.ActiveCfg = Release|Any CPU
		{7BD78033-CED7-4E8A-8FEA-350350C7CA40}.Release|Any CPU.Build.0 = Release|Any CPU
		{9EAF6A9A-B41A-4ADA-8D60-15A2B1032DC2}.Debug|Any CPU.ActiveCfg = Debug|Any CPU
		{9EAF6A9A-B41A-4ADA-8D60-15A2B1032DC2}.Debug|Any CPU.Build.0 = Debug|Any CPU
		{9EAF6A9A-B41A-4ADA-8D60-15A2B1032DC2}.Release|Any CPU.ActiveCfg = Release|Any CPU
		{9EAF6A9A-B41A-4ADA-8D60-15A2B1032DC2}.Release|Any CPU.Build.0 = Release|Any CPU
		{011E01E6-0819-45F7-8DAC-FC023CC1E537}.Debug|Any CPU.ActiveCfg = Debug|Any CPU
		{011E01E6-0819-45F7-8DAC-FC023CC1E537}.Debug|Any CPU.Build.0 = Debug|Any CPU
		{011E01E6-0819-45F7-8DAC-FC023CC1E537}.Release|Any CPU.ActiveCfg = Release|Any CPU
		{011E01E6-0819-45F7-8DAC-FC023CC1E537}.Release|Any CPU.Build.0 = Release|Any CPU
		{484B3112-2C29-4BA8-8D6D-E23535D6AB0D}.Debug|Any CPU.ActiveCfg = Debug|Any CPU
		{484B3112-2C29-4BA8-8D6D-E23535D6AB0D}.Debug|Any CPU.Build.0 = Debug|Any CPU
		{484B3112-2C29-4BA8-8D6D-E23535D6AB0D}.Release|Any CPU.ActiveCfg = Release|Any CPU
		{484B3112-2C29-4BA8-8D6D-E23535D6AB0D}.Release|Any CPU.Build.0 = Release|Any CPU
		{79AD7330-0BC2-446C-867F-4AAB9D6E0CE2}.Debug|Any CPU.ActiveCfg = Debug|Any CPU
		{79AD7330-0BC2-446C-867F-4AAB9D6E0CE2}.Debug|Any CPU.Build.0 = Debug|Any CPU
		{79AD7330-0BC2-446C-867F-4AAB9D6E0CE2}.Release|Any CPU.ActiveCfg = Release|Any CPU
		{79AD7330-0BC2-446C-867F-4AAB9D6E0CE2}.Release|Any CPU.Build.0 = Release|Any CPU
		{25BCC336-3E72-43AA-84D9-5EA3629AEB8E}.Debug|Any CPU.ActiveCfg = Debug|Any CPU
		{25BCC336-3E72-43AA-84D9-5EA3629AEB8E}.Debug|Any CPU.Build.0 = Debug|Any CPU
		{25BCC336-3E72-43AA-84D9-5EA3629AEB8E}.Release|Any CPU.ActiveCfg = Release|Any CPU
		{25BCC336-3E72-43AA-84D9-5EA3629AEB8E}.Release|Any CPU.Build.0 = Release|Any CPU
		{221C5334-FCE7-44DE-AF84-F7F77329FF29}.Debug|Any CPU.ActiveCfg = Debug|Any CPU
		{221C5334-FCE7-44DE-AF84-F7F77329FF29}.Debug|Any CPU.Build.0 = Debug|Any CPU
		{221C5334-FCE7-44DE-AF84-F7F77329FF29}.Release|Any CPU.ActiveCfg = Release|Any CPU
		{221C5334-FCE7-44DE-AF84-F7F77329FF29}.Release|Any CPU.Build.0 = Release|Any CPU
		{6826DB98-405B-429E-9F3A-92DB26AAC21C}.Debug|Any CPU.ActiveCfg = Debug|Any CPU
		{6826DB98-405B-429E-9F3A-92DB26AAC21C}.Debug|Any CPU.Build.0 = Debug|Any CPU
		{6826DB98-405B-429E-9F3A-92DB26AAC21C}.Release|Any CPU.ActiveCfg = Release|Any CPU
		{6826DB98-405B-429E-9F3A-92DB26AAC21C}.Release|Any CPU.Build.0 = Release|Any CPU
		{E0FDB1F1-3141-47E0-8BDA-D5336EEED6B0}.Debug|Any CPU.ActiveCfg = Debug|Any CPU
		{E0FDB1F1-3141-47E0-8BDA-D5336EEED6B0}.Debug|Any CPU.Build.0 = Debug|Any CPU
		{E0FDB1F1-3141-47E0-8BDA-D5336EEED6B0}.Release|Any CPU.ActiveCfg = Release|Any CPU
		{E0FDB1F1-3141-47E0-8BDA-D5336EEED6B0}.Release|Any CPU.Build.0 = Release|Any CPU
		{35132399-183E-4C32-8670-25283070336C}.Debug|Any CPU.ActiveCfg = Debug|Any CPU
		{35132399-183E-4C32-8670-25283070336C}.Debug|Any CPU.Build.0 = Debug|Any CPU
		{35132399-183E-4C32-8670-25283070336C}.Release|Any CPU.ActiveCfg = Release|Any CPU
		{35132399-183E-4C32-8670-25283070336C}.Release|Any CPU.Build.0 = Release|Any CPU
		{F4D30CE2-4960-497D-AD8D-2A02EBB2A053}.Debug|Any CPU.ActiveCfg = Debug|Any CPU
		{F4D30CE2-4960-497D-AD8D-2A02EBB2A053}.Debug|Any CPU.Build.0 = Debug|Any CPU
		{F4D30CE2-4960-497D-AD8D-2A02EBB2A053}.Release|Any CPU.ActiveCfg = Release|Any CPU
		{F4D30CE2-4960-497D-AD8D-2A02EBB2A053}.Release|Any CPU.Build.0 = Release|Any CPU
		{790EB892-20FC-4474-B496-2CBBE0FB937E}.Debug|Any CPU.ActiveCfg = Debug|Any CPU
		{790EB892-20FC-4474-B496-2CBBE0FB937E}.Debug|Any CPU.Build.0 = Debug|Any CPU
		{790EB892-20FC-4474-B496-2CBBE0FB937E}.Release|Any CPU.ActiveCfg = Release|Any CPU
		{790EB892-20FC-4474-B496-2CBBE0FB937E}.Release|Any CPU.Build.0 = Release|Any CPU
		{7744E111-250A-4768-B5DC-016918953787}.Debug|Any CPU.ActiveCfg = Debug|Any CPU
		{7744E111-250A-4768-B5DC-016918953787}.Debug|Any CPU.Build.0 = Debug|Any CPU
		{7744E111-250A-4768-B5DC-016918953787}.Release|Any CPU.ActiveCfg = Release|Any CPU
		{7744E111-250A-4768-B5DC-016918953787}.Release|Any CPU.Build.0 = Release|Any CPU
		{0BE606B6-2702-4E79-A23B-174C5D49F3AE}.Debug|Any CPU.ActiveCfg = Debug|Any CPU
		{0BE606B6-2702-4E79-A23B-174C5D49F3AE}.Debug|Any CPU.Build.0 = Debug|Any CPU
		{0BE606B6-2702-4E79-A23B-174C5D49F3AE}.Release|Any CPU.ActiveCfg = Release|Any CPU
		{0BE606B6-2702-4E79-A23B-174C5D49F3AE}.Release|Any CPU.Build.0 = Release|Any CPU
		{2F47D7AB-0B9A-4C6F-90B4-D1DAAC240BC4}.Debug|Any CPU.ActiveCfg = Debug|Any CPU
		{2F47D7AB-0B9A-4C6F-90B4-D1DAAC240BC4}.Debug|Any CPU.Build.0 = Debug|Any CPU
		{2F47D7AB-0B9A-4C6F-90B4-D1DAAC240BC4}.Release|Any CPU.ActiveCfg = Release|Any CPU
		{2F47D7AB-0B9A-4C6F-90B4-D1DAAC240BC4}.Release|Any CPU.Build.0 = Release|Any CPU
		{2BF7980B-3881-42DF-9D16-888DA100B98F}.Debug|Any CPU.ActiveCfg = Debug|Any CPU
		{2BF7980B-3881-42DF-9D16-888DA100B98F}.Debug|Any CPU.Build.0 = Debug|Any CPU
		{2BF7980B-3881-42DF-9D16-888DA100B98F}.Release|Any CPU.ActiveCfg = Release|Any CPU
		{2BF7980B-3881-42DF-9D16-888DA100B98F}.Release|Any CPU.Build.0 = Release|Any CPU
		{6805361B-2973-4C01-B77A-4323EB3BB5F8}.Debug|Any CPU.ActiveCfg = Debug|Any CPU
		{6805361B-2973-4C01-B77A-4323EB3BB5F8}.Debug|Any CPU.Build.0 = Debug|Any CPU
		{6805361B-2973-4C01-B77A-4323EB3BB5F8}.Release|Any CPU.ActiveCfg = Release|Any CPU
		{6805361B-2973-4C01-B77A-4323EB3BB5F8}.Release|Any CPU.Build.0 = Release|Any CPU
		{247042FF-B8A2-4F12-B298-DA1D4C90511C}.Debug|Any CPU.ActiveCfg = Debug|Any CPU
		{247042FF-B8A2-4F12-B298-DA1D4C90511C}.Debug|Any CPU.Build.0 = Debug|Any CPU
		{247042FF-B8A2-4F12-B298-DA1D4C90511C}.Release|Any CPU.ActiveCfg = Release|Any CPU
		{247042FF-B8A2-4F12-B298-DA1D4C90511C}.Release|Any CPU.Build.0 = Release|Any CPU
		{B181D176-4AC9-4190-8BF6-750A147DF66D}.Debug|Any CPU.ActiveCfg = Debug|Any CPU
		{B181D176-4AC9-4190-8BF6-750A147DF66D}.Debug|Any CPU.Build.0 = Debug|Any CPU
		{B181D176-4AC9-4190-8BF6-750A147DF66D}.Release|Any CPU.ActiveCfg = Release|Any CPU
		{B181D176-4AC9-4190-8BF6-750A147DF66D}.Release|Any CPU.Build.0 = Release|Any CPU
	EndGlobalSection
	GlobalSection(SolutionProperties) = preSolution
		HideSolutionNode = FALSE
	EndGlobalSection
	GlobalSection(NestedProjects) = preSolution
		{0849A5F5-7742-49A1-860F-89ED1799407B} = {F4614634-7FED-4243-9CCA-94F20060E4EB}
		{E30A933A-54FB-4170-BFF0-5D78A67F9236} = {F09439FD-5B88-40B4-B9D4-7652E4CDFDF1}
		{E78EAABA-27A2-403E-B0B7-EB78775D84AC} = {0849A5F5-7742-49A1-860F-89ED1799407B}
		{85C71265-288B-4DE9-9665-47CF494B025E} = {F4614634-7FED-4243-9CCA-94F20060E4EB}
		{8CC1EA05-38E1-45A1-8388-80EEC5399698} = {F4614634-7FED-4243-9CCA-94F20060E4EB}
		{7BD78033-CED7-4E8A-8FEA-350350C7CA40} = {F4614634-7FED-4243-9CCA-94F20060E4EB}
		{9EAF6A9A-B41A-4ADA-8D60-15A2B1032DC2} = {F4614634-7FED-4243-9CCA-94F20060E4EB}
		{011E01E6-0819-45F7-8DAC-FC023CC1E537} = {F4614634-7FED-4243-9CCA-94F20060E4EB}
		{484B3112-2C29-4BA8-8D6D-E23535D6AB0D} = {F4614634-7FED-4243-9CCA-94F20060E4EB}
		{79AD7330-0BC2-446C-867F-4AAB9D6E0CE2} = {E30A933A-54FB-4170-BFF0-5D78A67F9236}
		{25BCC336-3E72-43AA-84D9-5EA3629AEB8E} = {F09439FD-5B88-40B4-B9D4-7652E4CDFDF1}
		{221C5334-FCE7-44DE-AF84-F7F77329FF29} = {F4614634-7FED-4243-9CCA-94F20060E4EB}
		{6826DB98-405B-429E-9F3A-92DB26AAC21C} = {F09439FD-5B88-40B4-B9D4-7652E4CDFDF1}
		{E0FDB1F1-3141-47E0-8BDA-D5336EEED6B0} = {F09439FD-5B88-40B4-B9D4-7652E4CDFDF1}
		{35132399-183E-4C32-8670-25283070336C} = {F09439FD-5B88-40B4-B9D4-7652E4CDFDF1}
		{F4D30CE2-4960-497D-AD8D-2A02EBB2A053} = {F09439FD-5B88-40B4-B9D4-7652E4CDFDF1}
		{790EB892-20FC-4474-B496-2CBBE0FB937E} = {F09439FD-5B88-40B4-B9D4-7652E4CDFDF1}
		{7744E111-250A-4768-B5DC-016918953787} = {F09439FD-5B88-40B4-B9D4-7652E4CDFDF1}
		{DFF1EFD1-27C5-4DE8-B8E6-C5BA08354BDC} = {717C3984-20F0-48B4-A0B9-148DFB8FEB22}
		{0BE606B6-2702-4E79-A23B-174C5D49F3AE} = {DFF1EFD1-27C5-4DE8-B8E6-C5BA08354BDC}
		{2F47D7AB-0B9A-4C6F-90B4-D1DAAC240BC4} = {717C3984-20F0-48B4-A0B9-148DFB8FEB22}
		{2BF7980B-3881-42DF-9D16-888DA100B98F} = {717C3984-20F0-48B4-A0B9-148DFB8FEB22}
		{6805361B-2973-4C01-B77A-4323EB3BB5F8} = {717C3984-20F0-48B4-A0B9-148DFB8FEB22}
		{247042FF-B8A2-4F12-B298-DA1D4C90511C} = {717C3984-20F0-48B4-A0B9-148DFB8FEB22}
		{B181D176-4AC9-4190-8BF6-750A147DF66D} = {717C3984-20F0-48B4-A0B9-148DFB8FEB22}
	EndGlobalSection
	GlobalSection(ExtensibilityGlobals) = postSolution
		SolutionGuid = {011C51D4-4070-4E61-85E1-EF85B9AAFFCE}
	EndGlobalSection
EndGlobal
