
Microsoft Visual Studio Solution File, Format Version 12.00
# Visual Studio Version 16
VisualStudioVersion = 16.0.30002.166
MinimumVisualStudioVersion = 10.0.40219.1
Project("{9A19103F-16F7-4668-BE54-9A1E7A4F7556}") = "UnitTests", "UnitTests\UnitTests.csproj", "{8F6836A2-3FC3-439B-A420-A2462D7163B1}"
EndProject
Project("{9A19103F-16F7-4668-BE54-9A1E7A4F7556}") = "FactoryMethod", "FactoryMethod\FactoryMethod.csproj", "{6980EB17-2EEB-40FB-95BB-211C4DAB1A42}"
EndProject
Project("{9A19103F-16F7-4668-BE54-9A1E7A4F7556}") = "AbstractFactory", "FactoryAbstract\AbstractFactory.csproj", "{7E361DAF-8C9C-46C7-B5E5-6FCA90663E5D}"
EndProject
Project("{9A19103F-16F7-4668-BE54-9A1E7A4F7556}") = "Builder", "Builder\Builder.csproj", "{326DD3ED-AA63-494B-AC4B-9D81AF4EBAA0}"
EndProject
Project("{9A19103F-16F7-4668-BE54-9A1E7A4F7556}") = "Prototype", "Prototype\Prototype.csproj", "{C557B9B1-4C33-4BEA-8E20-6FB65F2A42B6}"
EndProject
Project("{9A19103F-16F7-4668-BE54-9A1E7A4F7556}") = "Singleton", "Singleton\Singleton.csproj", "{DBA45550-F99E-4AF1-93A5-9A23B85DE3AD}"
EndProject
Project("{9A19103F-16F7-4668-BE54-9A1E7A4F7556}") = "FluentInterface", "FluentInterface\FluentInterface.csproj", "{D66FBE8E-4677-45C2-BA44-3F15758E8160}"
EndProject
Project("{9A19103F-16F7-4668-BE54-9A1E7A4F7556}") = "FactoryDesign", "FactoryDesign\FactoryDesign.csproj", "{75926C03-8548-4C2D-B923-88A830AD8DA9}"
EndProject
Project("{2150E333-8FDC-42A3-9474-1A3956D46DE8}") = "Creational", "Creational", "{F4614634-7FED-4243-9CCA-94F20060E4EB}"
EndProject
Global
	GlobalSection(SolutionConfigurationPlatforms) = preSolution
		Debug|Any CPU = Debug|Any CPU
		Release|Any CPU = Release|Any CPU
	EndGlobalSection
	GlobalSection(ProjectConfigurationPlatforms) = postSolution
		{8F6836A2-3FC3-439B-A420-A2462D7163B1}.Debug|Any CPU.ActiveCfg = Debug|Any CPU
		{8F6836A2-3FC3-439B-A420-A2462D7163B1}.Debug|Any CPU.Build.0 = Debug|Any CPU
		{8F6836A2-3FC3-439B-A420-A2462D7163B1}.Release|Any CPU.ActiveCfg = Release|Any CPU
		{8F6836A2-3FC3-439B-A420-A2462D7163B1}.Release|Any CPU.Build.0 = Release|Any CPU
		{6980EB17-2EEB-40FB-95BB-211C4DAB1A42}.Debug|Any CPU.ActiveCfg = Debug|Any CPU
		{6980EB17-2EEB-40FB-95BB-211C4DAB1A42}.Debug|Any CPU.Build.0 = Debug|Any CPU
		{6980EB17-2EEB-40FB-95BB-211C4DAB1A42}.Release|Any CPU.ActiveCfg = Release|Any CPU
		{6980EB17-2EEB-40FB-95BB-211C4DAB1A42}.Release|Any CPU.Build.0 = Release|Any CPU
		{7E361DAF-8C9C-46C7-B5E5-6FCA90663E5D}.Debug|Any CPU.ActiveCfg = Debug|Any CPU
		{7E361DAF-8C9C-46C7-B5E5-6FCA90663E5D}.Debug|Any CPU.Build.0 = Debug|Any CPU
		{7E361DAF-8C9C-46C7-B5E5-6FCA90663E5D}.Release|Any CPU.ActiveCfg = Release|Any CPU
		{7E361DAF-8C9C-46C7-B5E5-6FCA90663E5D}.Release|Any CPU.Build.0 = Release|Any CPU
		{326DD3ED-AA63-494B-AC4B-9D81AF4EBAA0}.Debug|Any CPU.ActiveCfg = Debug|Any CPU
		{326DD3ED-AA63-494B-AC4B-9D81AF4EBAA0}.Debug|Any CPU.Build.0 = Debug|Any CPU
		{326DD3ED-AA63-494B-AC4B-9D81AF4EBAA0}.Release|Any CPU.ActiveCfg = Release|Any CPU
		{326DD3ED-AA63-494B-AC4B-9D81AF4EBAA0}.Release|Any CPU.Build.0 = Release|Any CPU
		{C557B9B1-4C33-4BEA-8E20-6FB65F2A42B6}.Debug|Any CPU.ActiveCfg = Debug|Any CPU
		{C557B9B1-4C33-4BEA-8E20-6FB65F2A42B6}.Debug|Any CPU.Build.0 = Debug|Any CPU
		{C557B9B1-4C33-4BEA-8E20-6FB65F2A42B6}.Release|Any CPU.ActiveCfg = Release|Any CPU
		{C557B9B1-4C33-4BEA-8E20-6FB65F2A42B6}.Release|Any CPU.Build.0 = Release|Any CPU
		{DBA45550-F99E-4AF1-93A5-9A23B85DE3AD}.Debug|Any CPU.ActiveCfg = Debug|Any CPU
		{DBA45550-F99E-4AF1-93A5-9A23B85DE3AD}.Debug|Any CPU.Build.0 = Debug|Any CPU
		{DBA45550-F99E-4AF1-93A5-9A23B85DE3AD}.Release|Any CPU.ActiveCfg = Release|Any CPU
		{DBA45550-F99E-4AF1-93A5-9A23B85DE3AD}.Release|Any CPU.Build.0 = Release|Any CPU
		{D66FBE8E-4677-45C2-BA44-3F15758E8160}.Debug|Any CPU.ActiveCfg = Debug|Any CPU
		{D66FBE8E-4677-45C2-BA44-3F15758E8160}.Debug|Any CPU.Build.0 = Debug|Any CPU
		{D66FBE8E-4677-45C2-BA44-3F15758E8160}.Release|Any CPU.ActiveCfg = Release|Any CPU
		{D66FBE8E-4677-45C2-BA44-3F15758E8160}.Release|Any CPU.Build.0 = Release|Any CPU
		{75926C03-8548-4C2D-B923-88A830AD8DA9}.Debug|Any CPU.ActiveCfg = Debug|Any CPU
		{75926C03-8548-4C2D-B923-88A830AD8DA9}.Debug|Any CPU.Build.0 = Debug|Any CPU
		{75926C03-8548-4C2D-B923-88A830AD8DA9}.Release|Any CPU.ActiveCfg = Release|Any CPU
		{75926C03-8548-4C2D-B923-88A830AD8DA9}.Release|Any CPU.Build.0 = Release|Any CPU
	EndGlobalSection
	GlobalSection(SolutionProperties) = preSolution
		HideSolutionNode = FALSE
	EndGlobalSection
	GlobalSection(NestedProjects) = preSolution
		{8F6836A2-3FC3-439B-A420-A2462D7163B1} = {F4614634-7FED-4243-9CCA-94F20060E4EB}
		{6980EB17-2EEB-40FB-95BB-211C4DAB1A42} = {F4614634-7FED-4243-9CCA-94F20060E4EB}
		{7E361DAF-8C9C-46C7-B5E5-6FCA90663E5D} = {F4614634-7FED-4243-9CCA-94F20060E4EB}
		{326DD3ED-AA63-494B-AC4B-9D81AF4EBAA0} = {F4614634-7FED-4243-9CCA-94F20060E4EB}
		{C557B9B1-4C33-4BEA-8E20-6FB65F2A42B6} = {F4614634-7FED-4243-9CCA-94F20060E4EB}
		{DBA45550-F99E-4AF1-93A5-9A23B85DE3AD} = {F4614634-7FED-4243-9CCA-94F20060E4EB}
		{D66FBE8E-4677-45C2-BA44-3F15758E8160} = {F4614634-7FED-4243-9CCA-94F20060E4EB}
		{75926C03-8548-4C2D-B923-88A830AD8DA9} = {F4614634-7FED-4243-9CCA-94F20060E4EB}
	EndGlobalSection
	GlobalSection(ExtensibilityGlobals) = postSolution
		SolutionGuid = {011C51D4-4070-4E61-85E1-EF85B9AAFFCE}
	EndGlobalSection
EndGlobal
